// !$*UTF8*$!
{
	archiveVersion = 1;
	classes = {
	};
	objectVersion = 77;
	objects = {

/* Begin PBXBuildFile section */
		2027F403295AF8879FD28299 /* MotusApp.swift in Sources */ = {isa = PBXBuildFile; fileRef = 0D829731484E2F12C758E754 /* MotusApp.swift */; };
		3738C46B361EDCC7C1E91BE5 /* Screen.swift in Sources */ = {isa = PBXBuildFile; fileRef = D0B876E016AC0B3E107F842E /* Screen.swift */; };
		3A760381E4F975E2526AC3B7 /* Model.swift in Sources */ = {isa = PBXBuildFile; fileRef = CF673220D42A2DD2AF02BE1F /* Model.swift */; };
		47770766F2C95EEA64B4205C /* Chrome.swift in Sources */ = {isa = PBXBuildFile; fileRef = 9014C81C42E77B8E081A5AAE /* Chrome.swift */; };
		488271475C89890B54BF9A92 /* DrumKits in Resources */ = {isa = PBXBuildFile; fileRef = EDDFF6B1110D1A0F02B43F3E /* DrumKits */; };
		4EDE84B6B87475598E328847 /* PadGridView.swift in Sources */ = {isa = PBXBuildFile; fileRef = 261B5399BBEFA9B041C6B94E /* PadGridView.swift */; };
		52A2142E7116C97675176170 /* PanelView.swift in Sources */ = {isa = PBXBuildFile; fileRef = 85EB36D7DB1A81C4C4C4E883 /* PanelView.swift */; };
		8659EFB00B8C9474C0F38DCC /* Brain.swift in Sources */ = {isa = PBXBuildFile; fileRef = A5B4D59A3E42DAD6BBE6641E /* Brain.swift */; };
		94F95FD3AC8139AD5029BA3A /* SynthVoice.swift in Sources */ = {isa = PBXBuildFile; fileRef = AEBA6075551FF96244DE7C63 /* SynthVoice.swift */; };
		9863683629D66522092CBA8C /* AudioEngine.swift in Sources */ = {isa = PBXBuildFile; fileRef = 8C49EB5D26B55A60EEDC0B4C /* AudioEngine.swift */; };
		B26F4E559600F9B660DC44D1 /* DisplayView.swift in Sources */ = {isa = PBXBuildFile; fileRef = 35D40B40508A5FFCB0A7CA7F /* DisplayView.swift */; };
		BE80F6EBB855F07E12E786E9 /* DrumKits.swift in Sources */ = {isa = PBXBuildFile; fileRef = A69AA7694B0B0B72549D1C66 /* DrumKits.swift */; };
		C2077508A4083C6F5DAA693C /* Controls.swift in Sources */ = {isa = PBXBuildFile; fileRef = 8AC6EB620195DA8522E6D3C9 /* Controls.swift */; };
		D49AD3DF4AE4B2F681DF20CA /* Assets.xcassets in Resources */ = {isa = PBXBuildFile; fileRef = 1B3692B1486C103AE51F569C /* Assets.xcassets */; };
/* End PBXBuildFile section */

/* Begin PBXFileReference section */
		0D829731484E2F12C758E754 /* MotusApp.swift */ = {isa = PBXFileReference; lastKnownFileType = sourcecode.swift; path = MotusApp.swift; sourceTree = "<group>"; };
		1B3692B1486C103AE51F569C /* Assets.xcassets */ = {isa = PBXFileReference; lastKnownFileType = folder.assetcatalog; path = Assets.xcassets; sourceTree = "<group>"; };
		261B5399BBEFA9B041C6B94E /* PadGridView.swift */ = {isa = PBXFileReference; lastKnownFileType = sourcecode.swift; path = PadGridView.swift; sourceTree = "<group>"; };
		35D40B40508A5FFCB0A7CA7F /* DisplayView.swift */ = {isa = PBXFileReference; lastKnownFileType = sourcecode.swift; path = DisplayView.swift; sourceTree = "<group>"; };
		85EB36D7DB1A81C4C4C4E883 /* PanelView.swift */ = {isa = PBXFileReference; lastKnownFileType = sourcecode.swift; path = PanelView.swift; sourceTree = "<group>"; };
		8AC6EB620195DA8522E6D3C9 /* Controls.swift */ = {isa = PBXFileReference; lastKnownFileType = sourcecode.swift; path = Controls.swift; sourceTree = "<group>"; };
		8C49EB5D26B55A60EEDC0B4C /* AudioEngine.swift */ = {isa = PBXFileReference; lastKnownFileType = sourcecode.swift; path = AudioEngine.swift; sourceTree = "<group>"; };
		9014C81C42E77B8E081A5AAE /* Chrome.swift */ = {isa = PBXFileReference; lastKnownFileType = sourcecode.swift; path = Chrome.swift; sourceTree = "<group>"; };
		A5B4D59A3E42DAD6BBE6641E /* Brain.swift */ = {isa = PBXFileReference; lastKnownFileType = sourcecode.swift; path = Brain.swift; sourceTree = "<group>"; };
		A69AA7694B0B0B72549D1C66 /* DrumKits.swift */ = {isa = PBXFileReference; lastKnownFileType = sourcecode.swift; path = DrumKits.swift; sourceTree = "<group>"; };
		AEBA6075551FF96244DE7C63 /* SynthVoice.swift */ = {isa = PBXFileReference; lastKnownFileType = sourcecode.swift; path = SynthVoice.swift; sourceTree = "<group>"; };
		CF673220D42A2DD2AF02BE1F /* Model.swift */ = {isa = PBXFileReference; lastKnownFileType = sourcecode.swift; path = Model.swift; sourceTree = "<group>"; };
		D0B876E016AC0B3E107F842E /* Screen.swift */ = {isa = PBXFileReference; lastKnownFileType = sourcecode.swift; path = Screen.swift; sourceTree = "<group>"; };
		E54F9385A0DD61D226A92032 /* Motus.app */ = {isa = PBXFileReference; includeInIndex = 0; lastKnownFileType = wrapper.application; path = Motus.app; sourceTree = BUILT_PRODUCTS_DIR; };
		EDDFF6B1110D1A0F02B43F3E /* DrumKits */ = {isa = PBXFileReference; lastKnownFileType = folder; name = DrumKits; path = Resources/DrumKits; sourceTree = SOURCE_ROOT; };
/* End PBXFileReference section */

/* Begin PBXGroup section */
		2FEC242B9E7166FA1A693336 /* Surface */ = {
			isa = PBXGroup;
			children = (
				9014C81C42E77B8E081A5AAE /* Chrome.swift */,
				8AC6EB620195DA8522E6D3C9 /* Controls.swift */,
				35D40B40508A5FFCB0A7CA7F /* DisplayView.swift */,
				261B5399BBEFA9B041C6B94E /* PadGridView.swift */,
				85EB36D7DB1A81C4C4C4E883 /* PanelView.swift */,
			);
			path = Surface;
			sourceTree = "<group>";
		};
		3CE1FE5389CE3D7E90E54A50 /* Brain */ = {
			isa = PBXGroup;
			children = (
				A5B4D59A3E42DAD6BBE6641E /* Brain.swift */,
				D0B876E016AC0B3E107F842E /* Screen.swift */,
			);
			path = Brain;
			sourceTree = "<group>";
		};
		4428C9D3B505B9B9AFB27459 = {
			isa = PBXGroup;
			children = (
				E2546673283580F41AA4FFD4 /* Resources */,
				EDA0B50EA79278366F4A29D8 /* Sources */,
				6DF9C06049942B04DBA462E4 /* Products */,
			);
			sourceTree = "<group>";
		};
		44DB75277B56E2F9FB43406D /* Sequencer */ = {
			isa = PBXGroup;
			children = (
				CF673220D42A2DD2AF02BE1F /* Model.swift */,
			);
			path = Sequencer;
			sourceTree = "<group>";
		};
		6DF9C06049942B04DBA462E4 /* Products */ = {
			isa = PBXGroup;
			children = (
				E54F9385A0DD61D226A92032 /* Motus.app */,
			);
			name = Products;
			sourceTree = "<group>";
		};
		8004EDA8F1A801087B92A952 /* Engine */ = {
			isa = PBXGroup;
			children = (
				8C49EB5D26B55A60EEDC0B4C /* AudioEngine.swift */,
				A69AA7694B0B0B72549D1C66 /* DrumKits.swift */,
				AEBA6075551FF96244DE7C63 /* SynthVoice.swift */,
			);
			path = Engine;
			sourceTree = "<group>";
		};
		8E9F67C316E22E0F1A4B4D09 /* App */ = {
			isa = PBXGroup;
			children = (
				0D829731484E2F12C758E754 /* MotusApp.swift */,
			);
			path = App;
			sourceTree = "<group>";
		};
		E2546673283580F41AA4FFD4 /* Resources */ = {
			isa = PBXGroup;
			children = (
				1B3692B1486C103AE51F569C /* Assets.xcassets */,
				EDDFF6B1110D1A0F02B43F3E /* DrumKits */,
			);
			path = Resources;
			sourceTree = "<group>";
		};
		EDA0B50EA79278366F4A29D8 /* Sources */ = {
			isa = PBXGroup;
			children = (
				8E9F67C316E22E0F1A4B4D09 /* App */,
				3CE1FE5389CE3D7E90E54A50 /* Brain */,
				8004EDA8F1A801087B92A952 /* Engine */,
				44DB75277B56E2F9FB43406D /* Sequencer */,
				2FEC242B9E7166FA1A693336 /* Surface */,
			);
			path = Sources;
			sourceTree = "<group>";
		};
/* End PBXGroup section */

/* Begin PBXNativeTarget section */
		8CA64F2F2BC7C6A50CFF3804 /* Motus */ = {
			isa = PBXNativeTarget;
			buildConfigurationList = 251C3B05C709DEB233D1B5A9 /* Build configuration list for PBXNativeTarget "Motus" */;
			buildPhases = (
				B746BACAD5BA242C6D1FEE6B /* Sources */,
				970F0DBEFB36F32AE846BADA /* Resources */,
			);
			buildRules = (
			);
			dependencies = (
			);
			name = Motus;
			packageProductDependencies = (
			);
			productName = Motus;
			productReference = E54F9385A0DD61D226A92032 /* Motus.app */;
			productType = "com.apple.product-type.application";
		};
/* End PBXNativeTarget section */

/* Begin PBXProject section */
		79837823DAC145027D7D3CB5 /* Project object */ = {
			isa = PBXProject;
			attributes = {
				BuildIndependentTargetsInParallel = YES;
				LastUpgradeCheck = 1430;
				TargetAttributes = {
					8CA64F2F2BC7C6A50CFF3804 = {
						DevelopmentTeam = 9TUXM4MBAV;
						ProvisioningStyle = Automatic;
					};
				};
			};
			buildConfigurationList = 1872F83AEC43F8E1D8D85F27 /* Build configuration list for PBXProject "Motus" */;
			developmentRegion = en;
			hasScannedForEncodings = 0;
			knownRegions = (
				Base,
				en,
			);
			mainGroup = 4428C9D3B505B9B9AFB27459;
			minimizedProjectReferenceProxies = 1;
			preferredProjectObjectVersion = 77;
			productRefGroup = 6DF9C06049942B04DBA462E4 /* Products */;
			projectDirPath = "";
			projectRoot = "";
			targets = (
				8CA64F2F2BC7C6A50CFF3804 /* Motus */,
			);
		};
/* End PBXProject section */

/* Begin PBXResourcesBuildPhase section */
		970F0DBEFB36F32AE846BADA /* Resources */ = {
			isa = PBXResourcesBuildPhase;
			buildActionMask = 2147483647;
			files = (
				D49AD3DF4AE4B2F681DF20CA /* Assets.xcassets in Resources */,
				488271475C89890B54BF9A92 /* DrumKits in Resources */,
			);
			runOnlyForDeploymentPostprocessing = 0;
		};
/* End PBXResourcesBuildPhase section */

/* Begin PBXSourcesBuildPhase section */
		B746BACAD5BA242C6D1FEE6B /* Sources */ = {
			isa = PBXSourcesBuildPhase;
			buildActionMask = 2147483647;
			files = (
				9863683629D66522092CBA8C /* AudioEngine.swift in Sources */,
				8659EFB00B8C9474C0F38DCC /* Brain.swift in Sources */,
				47770766F2C95EEA64B4205C /* Chrome.swift in Sources */,
				C2077508A4083C6F5DAA693C /* Controls.swift in Sources */,
				B26F4E559600F9B660DC44D1 /* DisplayView.swift in Sources */,
				BE80F6EBB855F07E12E786E9 /* DrumKits.swift in Sources */,
				3A760381E4F975E2526AC3B7 /* Model.swift in Sources */,
				2027F403295AF8879FD28299 /* MotusApp.swift in Sources */,
				4EDE84B6B87475598E328847 /* PadGridView.swift in Sources */,
				52A2142E7116C97675176170 /* PanelView.swift in Sources */,
				3738C46B361EDCC7C1E91BE5 /* Screen.swift in Sources */,
				94F95FD3AC8139AD5029BA3A /* SynthVoice.swift in Sources */,
			);
			runOnlyForDeploymentPostprocessing = 0;
		};
/* End PBXSourcesBuildPhase section */

/* Begin XCBuildConfiguration section */
		3906D603D55D73E7B32558BE /* Debug */ = {
			isa = XCBuildConfiguration;
			buildSettings = {
				ALWAYS_SEARCH_USER_PATHS = NO;
				CLANG_ANALYZER_NONNULL = YES;
				CLANG_ANALYZER_NUMBER_OBJECT_CONVERSION = YES_AGGRESSIVE;
				CLANG_CXX_LANGUAGE_STANDARD = "gnu++14";
				CLANG_CXX_LIBRARY = "libc++";
				CLANG_ENABLE_MODULES = YES;
				CLANG_ENABLE_OBJC_ARC = YES;
				CLANG_ENABLE_OBJC_WEAK = YES;
				CLANG_WARN_BLOCK_CAPTURE_AUTORELEASING = YES;
				CLANG_WARN_BOOL_CONVERSION = YES;
				CLANG_WARN_COMMA = YES;
				CLANG_WARN_CONSTANT_CONVERSION = YES;
				CLANG_WARN_DEPRECATED_OBJC_IMPLEMENTATIONS = YES;
				CLANG_WARN_DIRECT_OBJC_ISA_USAGE = YES_ERROR;
				CLANG_WARN_DOCUMENTATION_COMMENTS = YES;
				CLANG_WARN_EMPTY_BODY = YES;
				CLANG_WARN_ENUM_CONVERSION = YES;
				CLANG_WARN_INFINITE_RECURSION = YES;
				CLANG_WARN_INT_CONVERSION = YES;
				CLANG_WARN_NON_LITERAL_NULL_CONVERSION = YES;
				CLANG_WARN_OBJC_IMPLICIT_RETAIN_SELF = YES;
				CLANG_WARN_OBJC_LITERAL_CONVERSION = YES;
				CLANG_WARN_OBJC_ROOT_CLASS = YES_ERROR;
				CLANG_WARN_QUOTED_INCLUDE_IN_FRAMEWORK_HEADER = YES;
				CLANG_WARN_RANGE_LOOP_ANALYSIS = YES;
				CLANG_WARN_STRICT_PROTOTYPES = YES;
				CLANG_WARN_SUSPICIOUS_MOVE = YES;
				CLANG_WARN_UNGUARDED_AVAILABILITY = YES_AGGRESSIVE;
				CLANG_WARN_UNREACHABLE_CODE = YES;
				CLANG_WARN__DUPLICATE_METHOD_MATCH = YES;
				COPY_PHASE_STRIP = NO;
				DEBUG_INFORMATION_FORMAT = dwarf;
				ENABLE_STRICT_OBJC_MSGSEND = YES;
				ENABLE_TESTABILITY = YES;
				GCC_C_LANGUAGE_STANDARD = gnu11;
				GCC_DYNAMIC_NO_PIC = NO;
				GCC_NO_COMMON_BLOCKS = YES;
				GCC_OPTIMIZATION_LEVEL = 0;
				GCC_PREPROCESSOR_DEFINITIONS = (
					"$(inherited)",
					"DEBUG=1",
				);
				GCC_WARN_64_TO_32_BIT_CONVERSION = YES;
				GCC_WARN_ABOUT_RETURN_TYPE = YES_ERROR;
				GCC_WARN_UNDECLARED_SELECTOR = YES;
				GCC_WARN_UNINITIALIZED_AUTOS = YES_AGGRESSIVE;
				GCC_WARN_UNUSED_FUNCTION = YES;
				GCC_WARN_UNUSED_VARIABLE = YES;
				IPHONEOS_DEPLOYMENT_TARGET = 17.0;
				MTL_ENABLE_DEBUG_INFO = INCLUDE_SOURCE;
				MTL_FAST_MATH = YES;
				ONLY_ACTIVE_ARCH = YES;
				PRODUCT_NAME = "$(TARGET_NAME)";
				SDKROOT = iphoneos;
				SWIFT_ACTIVE_COMPILATION_CONDITIONS = DEBUG;
				SWIFT_OPTIMIZATION_LEVEL = "-Onone";
				SWIFT_VERSION = 5.0;
			};
			name = Debug;
		};
		39769262B8BDCCD6566ECEA3 /* Release */ = {
			isa = XCBuildConfiguration;
			buildSettings = {
				ASSETCATALOG_COMPILER_APPICON_NAME = AppIcon;
				CODE_SIGN_IDENTITY = "iPhone Developer";
				CODE_SIGN_STYLE = Automatic;
				CURRENT_PROJECT_VERSION = 1;
				DEVELOPMENT_TEAM = 9TUXM4MBAV;
				ENABLE_PREVIEWS = YES;
				INFOPLIST_FILE = Resources/Info.plist;
				IPHONEOS_DEPLOYMENT_TARGET = 17.0;
				LD_RUNPATH_SEARCH_PATHS = (
					"$(inherited)",
					"@executable_path/Frameworks",
				);
				MARKETING_VERSION = 1.0.0;
				PRODUCT_BUNDLE_IDENTIFIER = com.legionstage.motus;
				SDKROOT = iphoneos;
				SWIFT_VERSION = 5.0;
				TARGETED_DEVICE_FAMILY = "1,2";
			};
			name = Release;
		};
		5F8EBB4BC9031F2C548F50C0 /* Release */ = {
			isa = XCBuildConfiguration;
			buildSettings = {
				ALWAYS_SEARCH_USER_PATHS = NO;
				CLANG_ANALYZER_NONNULL = YES;
				CLANG_ANALYZER_NUMBER_OBJECT_CONVERSION = YES_AGGRESSIVE;
				CLANG_CXX_LANGUAGE_STANDARD = "gnu++14";
				CLANG_CXX_LIBRARY = "libc++";
				CLANG_ENABLE_MODULES = YES;
				CLANG_ENABLE_OBJC_ARC = YES;
				CLANG_ENABLE_OBJC_WEAK = YES;
				CLANG_WARN_BLOCK_CAPTURE_AUTORELEASING = YES;
				CLANG_WARN_BOOL_CONVERSION = YES;
				CLANG_WARN_COMMA = YES;
				CLANG_WARN_CONSTANT_CONVERSION = YES;
				CLANG_WARN_DEPRECATED_OBJC_IMPLEMENTATIONS = YES;
				CLANG_WARN_DIRECT_OBJC_ISA_USAGE = YES_ERROR;
				CLANG_WARN_DOCUMENTATION_COMMENTS = YES;
				CLANG_WARN_EMPTY_BODY = YES;
				CLANG_WARN_ENUM_CONVERSION = YES;
				CLANG_WARN_INFINITE_RECURSION = YES;
				CLANG_WARN_INT_CONVERSION = YES;
				CLANG_WARN_NON_LITERAL_NULL_CONVERSION = YES;
				CLANG_WARN_OBJC_IMPLICIT_RETAIN_SELF = YES;
				CLANG_WARN_OBJC_LITERAL_CONVERSION = YES;
				CLANG_WARN_OBJC_ROOT_CLASS = YES_ERROR;
				CLANG_WARN_QUOTED_INCLUDE_IN_FRAMEWORK_HEADER = YES;
				CLANG_WARN_RANGE_LOOP_ANALYSIS = YES;
				CLANG_WARN_STRICT_PROTOTYPES = YES;
				CLANG_WARN_SUSPICIOUS_MOVE = YES;
				CLANG_WARN_UNGUARDED_AVAILABILITY = YES_AGGRESSIVE;
				CLANG_WARN_UNREACHABLE_CODE = YES;
				CLANG_WARN__DUPLICATE_METHOD_MATCH = YES;
				COPY_PHASE_STRIP = NO;
				DEBUG_INFORMATION_FORMAT = "dwarf-with-dsym";
				ENABLE_NS_ASSERTIONS = NO;
				ENABLE_STRICT_OBJC_MSGSEND = YES;
				GCC_C_LANGUAGE_STANDARD = gnu11;
				GCC_NO_COMMON_BLOCKS = YES;
				GCC_WARN_64_TO_32_BIT_CONVERSION = YES;
				GCC_WARN_ABOUT_RETURN_TYPE = YES_ERROR;
				GCC_WARN_UNDECLARED_SELECTOR = YES;
				GCC_WARN_UNINITIALIZED_AUTOS = YES_AGGRESSIVE;
				GCC_WARN_UNUSED_FUNCTION = YES;
				GCC_WARN_UNUSED_VARIABLE = YES;
				IPHONEOS_DEPLOYMENT_TARGET = 17.0;
				MTL_ENABLE_DEBUG_INFO = NO;
				MTL_FAST_MATH = YES;
				PRODUCT_NAME = "$(TARGET_NAME)";
				SDKROOT = iphoneos;
				SWIFT_COMPILATION_MODE = wholemodule;
				SWIFT_OPTIMIZATION_LEVEL = "-O";
				SWIFT_VERSION = 5.0;
			};
			name = Release;
		};
		724D687A2C93DE70ACE24CC0 /* Debug */ = {
			isa = XCBuildConfiguration;
			buildSettings = {
				ASSETCATALOG_COMPILER_APPICON_NAME = AppIcon;
				CODE_SIGN_IDENTITY = "iPhone Developer";
				CODE_SIGN_STYLE = Automatic;
				CURRENT_PROJECT_VERSION = 1;
				DEVELOPMENT_TEAM = 9TUXM4MBAV;
				ENABLE_PREVIEWS = YES;
				INFOPLIST_FILE = Resources/Info.plist;
				IPHONEOS_DEPLOYMENT_TARGET = 17.0;
				LD_RUNPATH_SEARCH_PATHS = (
					"$(inherited)",
					"@executable_path/Frameworks",
				);
				MARKETING_VERSION = 1.0.0;
				PRODUCT_BUNDLE_IDENTIFIER = com.legionstage.motus;
				SDKROOT = iphoneos;
				SWIFT_VERSION = 5.0;
				TARGETED_DEVICE_FAMILY = "1,2";
			};
			name = Debug;
		};
/* End XCBuildConfiguration section */

/* Begin XCConfigurationList section */
		1872F83AEC43F8E1D8D85F27 /* Build configuration list for PBXProject "Motus" */ = {
			isa = XCConfigurationList;
			buildConfigurations = (
				3906D603D55D73E7B32558BE /* Debug */,
				5F8EBB4BC9031F2C548F50C0 /* Release */,
			);
			defaultConfigurationIsVisible = 0;
			defaultConfigurationName = Debug;
		};
		251C3B05C709DEB233D1B5A9 /* Build configuration list for PBXNativeTarget "Motus" */ = {
			isa = XCConfigurationList;
			buildConfigurations = (
				724D687A2C93DE70ACE24CC0 /* Debug */,
				39769262B8BDCCD6566ECEA3 /* Release */,
			);
			defaultConfigurationIsVisible = 0;
			defaultConfigurationName = Debug;
		};
/* End XCConfigurationList section */
	};
	rootObject = 79837823DAC145027D7D3CB5 /* Project object */;
}
